
Microsoft Visual Studio Solution File, Format Version 12.00
# Visual Studio Version 17
VisualStudioVersion = 17.0.31717.71
MinimumVisualStudioVersion = 10.0.40219.1
Project("{9A19103F-16F7-4668-BE54-9A1E7A4F7556}") = "StreamCommunity.Application", "src\StreamCommunity.Application\StreamCommunity.Application.csproj", "{8378A3AF-1F31-4AF7-9F2D-A6EFF49432D2}"
EndProject
Project("{9A19103F-16F7-4668-BE54-9A1E7A4F7556}") = "StreamCommunity.Persistence", "src\StreamCommunity.Persistence\StreamCommunity.Persistence.csproj", "{6F08AB23-4C6A-4004-8CE4-FDEDDD0648CD}"
EndProject
Project("{9A19103F-16F7-4668-BE54-9A1E7A4F7556}") = "StreamCommunity.Twitch", "src\StreamCommunity.Twitch\StreamCommunity.Twitch.csproj", "{DED37B27-290A-4F72-94C8-96DE226AAF57}"
EndProject
Project("{9A19103F-16F7-4668-BE54-9A1E7A4F7556}") = "StreamCommunity.Domain", "src\StreamCommunity.Domain\StreamCommunity.Domain.csproj", "{34CA685A-8D43-4923-8374-C00C45428742}"
EndProject
Project("{2150E333-8FDC-42A3-9474-1A3956D46DE8}") = "Infrastructure", "Infrastructure", "{0D5B28A5-E4F1-4CC3-90D5-EE3C5219D90D}"
EndProject
Project("{2150E333-8FDC-42A3-9474-1A3956D46DE8}") = "Api", "Api", "{49145D4D-08D4-4F76-9D3E-F63B9ECEC63A}"
EndProject
Project("{9A19103F-16F7-4668-BE54-9A1E7A4F7556}") = "StreamCommunity.Host", "src\StreamCommunity.Host\StreamCommunity.Host.csproj", "{9EA4CB23-B0E5-4E2E-96CF-7AA4EFD8C24A}"
EndProject
Project("{2150E333-8FDC-42A3-9474-1A3956D46DE8}") = "Core", "Core", "{6F9C60C1-00F1-4B98-89DE-514DADF65A6C}"
EndProject
Project("{FAE04EC0-301F-11D3-BF4B-00C04F79EFBC}") = "StreamCommunity.Api", "src\StreamCommunity.Api\StreamCommunity.Api.csproj", "{1CA62B9B-DD7A-4FFA-AD3F-8CFBE9B273C3}"
EndProject
Project("{2150E333-8FDC-42A3-9474-1A3956D46DE8}") = "Configuration", "Configuration", "{9B902896-76F4-4A87-9D72-9FC9CA283B58}"
ProjectSection(SolutionItems) = preProject
	.editorconfig = .editorconfig
EndProjectSection
EndProject
Project("{FAE04EC0-301F-11D3-BF4B-00C04F79EFBC}") = "StreamCommunity.Application.Tests", "test\StreamCommunity.Application.Tests\StreamCommunity.Application.Tests.csproj", "{CC926F8D-CDD3-4C1C-AD8B-D7A70E81C05D}"
EndProject
Project("{FAE04EC0-301F-11D3-BF4B-00C04F79EFBC}") = "StreamCommunity.Persistence.Migrations", "src\StreamCommunity.Persistence.Migrations\StreamCommunity.Persistence.Migrations.csproj", "{F79710A1-F01A-460B-AA41-BBE8079D5836}"
EndProject
Project("{FAE04EC0-301F-11D3-BF4B-00C04F79EFBC}") = "StreamCommunity.Domain.Tests", "test\StreamCommunity.Domain.Tests\StreamCommunity.Domain.Tests.csproj", "{DB83D9B1-194C-48DD-A59A-7FB6FD804539}"
EndProject
Global
	GlobalSection(SolutionConfigurationPlatforms) = preSolution
		Debug|Any CPU = Debug|Any CPU
		Release|Any CPU = Release|Any CPU
	EndGlobalSection
	GlobalSection(ProjectConfigurationPlatforms) = postSolution
		{8378A3AF-1F31-4AF7-9F2D-A6EFF49432D2}.Debug|Any CPU.ActiveCfg = Debug|Any CPU
		{8378A3AF-1F31-4AF7-9F2D-A6EFF49432D2}.Debug|Any CPU.Build.0 = Debug|Any CPU
		{8378A3AF-1F31-4AF7-9F2D-A6EFF49432D2}.Release|Any CPU.ActiveCfg = Release|Any CPU
		{8378A3AF-1F31-4AF7-9F2D-A6EFF49432D2}.Release|Any CPU.Build.0 = Release|Any CPU
		{6F08AB23-4C6A-4004-8CE4-FDEDDD0648CD}.Debug|Any CPU.ActiveCfg = Debug|Any CPU
		{6F08AB23-4C6A-4004-8CE4-FDEDDD0648CD}.Debug|Any CPU.Build.0 = Debug|Any CPU
		{6F08AB23-4C6A-4004-8CE4-FDEDDD0648CD}.Release|Any CPU.ActiveCfg = Release|Any CPU
		{6F08AB23-4C6A-4004-8CE4-FDEDDD0648CD}.Release|Any CPU.Build.0 = Release|Any CPU
		{DED37B27-290A-4F72-94C8-96DE226AAF57}.Debug|Any CPU.ActiveCfg = Debug|Any CPU
		{DED37B27-290A-4F72-94C8-96DE226AAF57}.Debug|Any CPU.Build.0 = Debug|Any CPU
		{DED37B27-290A-4F72-94C8-96DE226AAF57}.Release|Any CPU.ActiveCfg = Release|Any CPU
		{DED37B27-290A-4F72-94C8-96DE226AAF57}.Release|Any CPU.Build.0 = Release|Any CPU
		{34CA685A-8D43-4923-8374-C00C45428742}.Debug|Any CPU.ActiveCfg = Debug|Any CPU
		{34CA685A-8D43-4923-8374-C00C45428742}.Debug|Any CPU.Build.0 = Debug|Any CPU
		{34CA685A-8D43-4923-8374-C00C45428742}.Release|Any CPU.ActiveCfg = Release|Any CPU
		{34CA685A-8D43-4923-8374-C00C45428742}.Release|Any CPU.Build.0 = Release|Any CPU
		{9EA4CB23-B0E5-4E2E-96CF-7AA4EFD8C24A}.Debug|Any CPU.ActiveCfg = Debug|Any CPU
		{9EA4CB23-B0E5-4E2E-96CF-7AA4EFD8C24A}.Debug|Any CPU.Build.0 = Debug|Any CPU
		{9EA4CB23-B0E5-4E2E-96CF-7AA4EFD8C24A}.Release|Any CPU.ActiveCfg = Release|Any CPU
		{9EA4CB23-B0E5-4E2E-96CF-7AA4EFD8C24A}.Release|Any CPU.Build.0 = Release|Any CPU
		{1CA62B9B-DD7A-4FFA-AD3F-8CFBE9B273C3}.Debug|Any CPU.ActiveCfg = Debug|Any CPU
		{1CA62B9B-DD7A-4FFA-AD3F-8CFBE9B273C3}.Debug|Any CPU.Build.0 = Debug|Any CPU
		{1CA62B9B-DD7A-4FFA-AD3F-8CFBE9B273C3}.Release|Any CPU.ActiveCfg = Release|Any CPU
		{1CA62B9B-DD7A-4FFA-AD3F-8CFBE9B273C3}.Release|Any CPU.Build.0 = Release|Any CPU
		{CC926F8D-CDD3-4C1C-AD8B-D7A70E81C05D}.Debug|Any CPU.ActiveCfg = Debug|Any CPU
		{CC926F8D-CDD3-4C1C-AD8B-D7A70E81C05D}.Debug|Any CPU.Build.0 = Debug|Any CPU
		{CC926F8D-CDD3-4C1C-AD8B-D7A70E81C05D}.Release|Any CPU.ActiveCfg = Release|Any CPU
		{CC926F8D-CDD3-4C1C-AD8B-D7A70E81C05D}.Release|Any CPU.Build.0 = Release|Any CPU
		{F79710A1-F01A-460B-AA41-BBE8079D5836}.Debug|Any CPU.ActiveCfg = Debug|Any CPU
		{F79710A1-F01A-460B-AA41-BBE8079D5836}.Debug|Any CPU.Build.0 = Debug|Any CPU
		{F79710A1-F01A-460B-AA41-BBE8079D5836}.Release|Any CPU.ActiveCfg = Release|Any CPU
		{F79710A1-F01A-460B-AA41-BBE8079D5836}.Release|Any CPU.Build.0 = Release|Any CPU
		{DB83D9B1-194C-48DD-A59A-7FB6FD804539}.Debug|Any CPU.ActiveCfg = Debug|Any CPU
		{DB83D9B1-194C-48DD-A59A-7FB6FD804539}.Debug|Any CPU.Build.0 = Debug|Any CPU
		{DB83D9B1-194C-48DD-A59A-7FB6FD804539}.Release|Any CPU.ActiveCfg = Release|Any CPU
		{DB83D9B1-194C-48DD-A59A-7FB6FD804539}.Release|Any CPU.Build.0 = Release|Any CPU
	EndGlobalSection
	GlobalSection(SolutionProperties) = preSolution
		HideSolutionNode = FALSE
	EndGlobalSection
	GlobalSection(NestedProjects) = preSolution
		{6F08AB23-4C6A-4004-8CE4-FDEDDD0648CD} = {0D5B28A5-E4F1-4CC3-90D5-EE3C5219D90D}
		{DED37B27-290A-4F72-94C8-96DE226AAF57} = {0D5B28A5-E4F1-4CC3-90D5-EE3C5219D90D}
		{8378A3AF-1F31-4AF7-9F2D-A6EFF49432D2} = {6F9C60C1-00F1-4B98-89DE-514DADF65A6C}
		{34CA685A-8D43-4923-8374-C00C45428742} = {6F9C60C1-00F1-4B98-89DE-514DADF65A6C}
		{1CA62B9B-DD7A-4FFA-AD3F-8CFBE9B273C3} = {49145D4D-08D4-4F76-9D3E-F63B9ECEC63A}
		{CC926F8D-CDD3-4C1C-AD8B-D7A70E81C05D} = {6F9C60C1-00F1-4B98-89DE-514DADF65A6C}
		{F79710A1-F01A-460B-AA41-BBE8079D5836} = {0D5B28A5-E4F1-4CC3-90D5-EE3C5219D90D}
		{DB83D9B1-194C-48DD-A59A-7FB6FD804539} = {6F9C60C1-00F1-4B98-89DE-514DADF65A6C}
	EndGlobalSection
	GlobalSection(ExtensibilityGlobals) = postSolution
		SolutionGuid = {949E90CC-6FB4-4C93-8BBB-845D2B37DA5F}
	EndGlobalSection
EndGlobal
