
Microsoft Visual Studio Solution File, Format Version 12.00
# Visual Studio Version 17
VisualStudioVersion = 17.0.31717.71
MinimumVisualStudioVersion = 10.0.40219.1
Project("{9A19103F-16F7-4668-BE54-9A1E7A4F7556}") = "TwitchCommunity.Application", "src\TwitchCommunity.Application\TwitchCommunity.Application.csproj", "{8378A3AF-1F31-4AF7-9F2D-A6EFF49432D2}"
EndProject
Project("{9A19103F-16F7-4668-BE54-9A1E7A4F7556}") = "TwitchCommunity.Persistence", "src\TwitchCommunity.Persistence\TwitchCommunity.Persistence.csproj", "{6F08AB23-4C6A-4004-8CE4-FDEDDD0648CD}"
EndProject
Project("{9A19103F-16F7-4668-BE54-9A1E7A4F7556}") = "TwitchCommunity.Connector", "src\TwitchCommunity.Connector\TwitchCommunity.Connector.csproj", "{DED37B27-290A-4F72-94C8-96DE226AAF57}"
EndProject
Project("{9A19103F-16F7-4668-BE54-9A1E7A4F7556}") = "TwitchCommunity.Domain", "src\TwitchCommunity.Domain\TwitchCommunity.Domain.csproj", "{34CA685A-8D43-4923-8374-C00C45428742}"
EndProject
Project("{9A19103F-16F7-4668-BE54-9A1E7A4F7556}") = "TwitchCommunity.Web", "src\TwitchCommunity.Web\TwitchCommunity.Web.csproj", "{BEB94338-344C-4FC1-81EF-215EF4620719}"
EndProject
Project("{FAE04EC0-301F-11D3-BF4B-00C04F79EFBC}") = "StreamCommunity.Api", "StreamCommunity.Api\StreamCommunity.Api.csproj", "{E96941B8-A775-46C7-A14F-AC21F0358286}"
EndProject
Project("{2150E333-8FDC-42A3-9474-1A3956D46DE8}") = "Infrastructure", "Infrastructure", "{0D5B28A5-E4F1-4CC3-90D5-EE3C5219D90D}"
EndProject
Project("{2150E333-8FDC-42A3-9474-1A3956D46DE8}") = "Api", "Api", "{49145D4D-08D4-4F76-9D3E-F63B9ECEC63A}"
EndProject
Global
	GlobalSection(SolutionConfigurationPlatforms) = preSolution
		Debug|Any CPU = Debug|Any CPU
		Release|Any CPU = Release|Any CPU
	EndGlobalSection
	GlobalSection(ProjectConfigurationPlatforms) = postSolution
		{8378A3AF-1F31-4AF7-9F2D-A6EFF49432D2}.Debug|Any CPU.ActiveCfg = Debug|Any CPU
		{8378A3AF-1F31-4AF7-9F2D-A6EFF49432D2}.Debug|Any CPU.Build.0 = Debug|Any CPU
		{8378A3AF-1F31-4AF7-9F2D-A6EFF49432D2}.Release|Any CPU.ActiveCfg = Release|Any CPU
		{8378A3AF-1F31-4AF7-9F2D-A6EFF49432D2}.Release|Any CPU.Build.0 = Release|Any CPU
		{6F08AB23-4C6A-4004-8CE4-FDEDDD0648CD}.Debug|Any CPU.ActiveCfg = Debug|Any CPU
		{6F08AB23-4C6A-4004-8CE4-FDEDDD0648CD}.Debug|Any CPU.Build.0 = Debug|Any CPU
		{6F08AB23-4C6A-4004-8CE4-FDEDDD0648CD}.Release|Any CPU.ActiveCfg = Release|Any CPU
		{6F08AB23-4C6A-4004-8CE4-FDEDDD0648CD}.Release|Any CPU.Build.0 = Release|Any CPU
		{DED37B27-290A-4F72-94C8-96DE226AAF57}.Debug|Any CPU.ActiveCfg = Debug|Any CPU
		{DED37B27-290A-4F72-94C8-96DE226AAF57}.Debug|Any CPU.Build.0 = Debug|Any CPU
		{DED37B27-290A-4F72-94C8-96DE226AAF57}.Release|Any CPU.ActiveCfg = Release|Any CPU
		{DED37B27-290A-4F72-94C8-96DE226AAF57}.Release|Any CPU.Build.0 = Release|Any CPU
		{34CA685A-8D43-4923-8374-C00C45428742}.Debug|Any CPU.ActiveCfg = Debug|Any CPU
		{34CA685A-8D43-4923-8374-C00C45428742}.Debug|Any CPU.Build.0 = Debug|Any CPU
		{34CA685A-8D43-4923-8374-C00C45428742}.Release|Any CPU.ActiveCfg = Release|Any CPU
		{34CA685A-8D43-4923-8374-C00C45428742}.Release|Any CPU.Build.0 = Release|Any CPU
		{BEB94338-344C-4FC1-81EF-215EF4620719}.Debug|Any CPU.ActiveCfg = Debug|Any CPU
		{BEB94338-344C-4FC1-81EF-215EF4620719}.Debug|Any CPU.Build.0 = Debug|Any CPU
		{BEB94338-344C-4FC1-81EF-215EF4620719}.Release|Any CPU.ActiveCfg = Release|Any CPU
		{BEB94338-344C-4FC1-81EF-215EF4620719}.Release|Any CPU.Build.0 = Release|Any CPU
		{E96941B8-A775-46C7-A14F-AC21F0358286}.Debug|Any CPU.ActiveCfg = Debug|Any CPU
		{E96941B8-A775-46C7-A14F-AC21F0358286}.Debug|Any CPU.Build.0 = Debug|Any CPU
		{E96941B8-A775-46C7-A14F-AC21F0358286}.Release|Any CPU.ActiveCfg = Release|Any CPU
		{E96941B8-A775-46C7-A14F-AC21F0358286}.Release|Any CPU.Build.0 = Release|Any CPU
	EndGlobalSection
	GlobalSection(SolutionProperties) = preSolution
		HideSolutionNode = FALSE
	EndGlobalSection
	GlobalSection(ExtensibilityGlobals) = postSolution
		SolutionGuid = {949E90CC-6FB4-4C93-8BBB-845D2B37DA5F}
	EndGlobalSection
	GlobalSection(NestedProjects) = preSolution
		{6F08AB23-4C6A-4004-8CE4-FDEDDD0648CD} = {0D5B28A5-E4F1-4CC3-90D5-EE3C5219D90D}
		{DED37B27-290A-4F72-94C8-96DE226AAF57} = {0D5B28A5-E4F1-4CC3-90D5-EE3C5219D90D}
		{E96941B8-A775-46C7-A14F-AC21F0358286} = {49145D4D-08D4-4F76-9D3E-F63B9ECEC63A}
	EndGlobalSection
EndGlobal
